<?xml version="1.0" encoding="utf-8"?>
<Project ToolsVersion="4.0" xmlns="http://schemas.microsoft.com/developer/msbuild/2003">
  <ItemGroup>
    <Filter Include="Sources">
      <UniqueIdentifier>{8b7ed093-66ce-4096-96d2-fbb9faa4bf52}</UniqueIdentifier>
    </Filter>
    <Filter Include="Sources\Modules">
      <UniqueIdentifier>{7b418be2-1631-4a31-9ef2-8a8b234a7339}</UniqueIdentifier>
    </Filter>
    <Filter Include="Sources\Containers">
      <UniqueIdentifier>{afc36133-f401-499a-aa33-0da1e500fb52}</UniqueIdentifier>
    </Filter>
    <Filter Include="Sources\Tools">
      <UniqueIdentifier>{7e4dfaf7-022c-4f7d-92aa-f3b3fa9d6248}</UniqueIdentifier>
    </Filter>
    <Filter Include="Sources\Helpers">
      <UniqueIdentifier>{121f8e6b-df36-4ab0-be0d-601ddfc9e503}</UniqueIdentifier>
    </Filter>
    <Filter Include="Sources\Modules\Game">
      <UniqueIdentifier>{83f46af7-e02f-40c0-9e56-41d76082527b}</UniqueIdentifier>
    </Filter>
    <Filter Include="Deps">
      <UniqueIdentifier>{4c2c7c37-5287-4ac1-8348-3d4781fafaea}</UniqueIdentifier>
    </Filter>
    <Filter Include="Deps\Assimp">
      <UniqueIdentifier>{d9657e6d-d8a1-451b-b81b-e9e70af09c33}</UniqueIdentifier>
    </Filter>
    <Filter Include="Deps\Parson">
      <UniqueIdentifier>{6d51c5ff-2d34-4da9-a47a-00b0ae073622}</UniqueIdentifier>
    </Filter>
    <Filter Include="Deps\ImGui">
      <UniqueIdentifier>{86614dac-9c7f-437e-b271-c8621bf3493c}</UniqueIdentifier>
    </Filter>
    <Filter Include="Sources\Objects">
      <UniqueIdentifier>{b4111b4f-25ab-410d-ba94-4da1eea6f1df}</UniqueIdentifier>
    </Filter>
    <Filter Include="Deps\Glew">
      <UniqueIdentifier>{81ceefd6-3755-40f8-84f8-6b2a86caf10d}</UniqueIdentifier>
    </Filter>
  </ItemGroup>
  <ItemGroup>
    <ClInclude Include="Crysis Engine\Source\Color.h">
      <Filter>Sources\Containers</Filter>
    </ClInclude>
    <ClInclude Include="Crysis Engine\Source\glmath.h">
      <Filter>Sources\Containers</Filter>
    </ClInclude>
    <ClInclude Include="Crysis Engine\Source\p2DynArray.h">
      <Filter>Sources\Containers</Filter>
    </ClInclude>
    <ClInclude Include="Crysis Engine\Source\p2List.h">
      <Filter>Sources\Containers</Filter>
    </ClInclude>
    <ClInclude Include="Crysis Engine\Source\p2Point.h">
      <Filter>Sources\Containers</Filter>
    </ClInclude>
    <ClInclude Include="Crysis Engine\Source\Light.h">
      <Filter>Sources\Helpers</Filter>
    </ClInclude>
    <ClInclude Include="Crysis Engine\Source\Primitive.h">
      <Filter>Sources\Helpers</Filter>
    </ClInclude>
    <ClInclude Include="Crysis Engine\Source\ModulePlayer.h">
      <Filter>Sources\Modules\Game</Filter>
    </ClInclude>
    <ClInclude Include="Crysis Engine\Source\ModuleSceneIntro.h">
      <Filter>Sources\Modules\Game</Filter>
    </ClInclude>
    <ClInclude Include="Crysis Engine\Source\Module.h">
      <Filter>Sources\Modules</Filter>
    </ClInclude>
    <ClInclude Include="Crysis Engine\Source\ModuleAudio.h">
      <Filter>Sources\Modules</Filter>
    </ClInclude>
    <ClInclude Include="Crysis Engine\Source\ModuleCamera3D.h">
      <Filter>Sources\Modules</Filter>
    </ClInclude>
    <ClInclude Include="Crysis Engine\Source\ModuleInput.h">
      <Filter>Sources\Modules</Filter>
    </ClInclude>
    <ClInclude Include="Crysis Engine\Source\ModuleRenderer3D.h">
      <Filter>Sources\Modules</Filter>
    </ClInclude>
    <ClInclude Include="Crysis Engine\Source\ModuleWindow.h">
      <Filter>Sources\Modules</Filter>
    </ClInclude>
    <ClInclude Include="Crysis Engine\Source\Timer.h">
      <Filter>Sources\Tools</Filter>
    </ClInclude>
    <ClInclude Include="Crysis Engine\Source\Application.h">
      <Filter>Sources</Filter>
    </ClInclude>
    <ClInclude Include="Crysis Engine\Source\Globals.h">
      <Filter>Sources</Filter>
    </ClInclude>
    <ClInclude Include="Crysis Engine\Source\Dependencies\imgui\imconfig.h">
      <Filter>Deps\ImGui</Filter>
    </ClInclude>
    <ClInclude Include="Crysis Engine\Source\Dependencies\imgui\imgui.h">
      <Filter>Deps\ImGui</Filter>
    </ClInclude>
    <ClInclude Include="Crysis Engine\Source\Dependencies\imgui\imgui_internal.h">
      <Filter>Deps\ImGui</Filter>
    </ClInclude>
    <ClInclude Include="Crysis Engine\Source\Dependencies\imgui\imstb_rectpack.h">
      <Filter>Deps\ImGui</Filter>
    </ClInclude>
    <ClInclude Include="Crysis Engine\Source\Dependencies\imgui\imstb_textedit.h">
      <Filter>Deps\ImGui</Filter>
    </ClInclude>
    <ClInclude Include="Crysis Engine\Source\Dependencies\imgui\imstb_truetype.h">
      <Filter>Deps\ImGui</Filter>
    </ClInclude>
    <ClInclude Include="Crysis Engine\Source\Dependencies\imgui\examples\imgui_impl_sdl.h">
      <Filter>Deps\ImGui</Filter>
    </ClInclude>
    <ClInclude Include="Crysis Engine\Source\Dependencies\imgui\examples\imgui_impl_opengl3.h">
      <Filter>Deps\ImGui</Filter>
    </ClInclude>
    <ClInclude Include="Crysis Engine\Source\ModuleGUI.h">
      <Filter>Sources\Modules</Filter>
    </ClInclude>
    <ClInclude Include="Crysis Engine\Source\Dependencies\Assimp\include\assimp\cimport.h">
      <Filter>Deps\Assimp</Filter>
    </ClInclude>
    <ClInclude Include="Crysis Engine\Source\Dependencies\Assimp\include\assimp\postprocess.h">
      <Filter>Deps\Assimp</Filter>
    </ClInclude>
    <ClInclude Include="Crysis Engine\Source\Dependencies\Assimp\include\assimp\scene.h">
      <Filter>Deps\Assimp</Filter>
    </ClInclude>
    <ClInclude Include="Crysis Engine\Source\Dependencies\Assimp\include\assimp\aabb.h">
      <Filter>Deps\Assimp</Filter>
    </ClInclude>
    <ClInclude Include="Crysis Engine\Source\Dependencies\Assimp\include\assimp\ai_assert.h">
      <Filter>Deps\Assimp</Filter>
    </ClInclude>
    <ClInclude Include="Crysis Engine\Source\Dependencies\Assimp\include\assimp\anim.h">
      <Filter>Deps\Assimp</Filter>
    </ClInclude>
    <ClInclude Include="Crysis Engine\Source\Dependencies\Assimp\include\assimp\BaseImporter.h">
      <Filter>Deps\Assimp</Filter>
    </ClInclude>
    <ClInclude Include="Crysis Engine\Source\Dependencies\Assimp\include\assimp\Bitmap.h">
      <Filter>Deps\Assimp</Filter>
    </ClInclude>
    <ClInclude Include="Crysis Engine\Source\Dependencies\Assimp\include\assimp\BlobIOSystem.h">
      <Filter>Deps\Assimp</Filter>
    </ClInclude>
    <ClInclude Include="Crysis Engine\Source\Dependencies\Assimp\include\assimp\ByteSwapper.h">
      <Filter>Deps\Assimp</Filter>
    </ClInclude>
    <ClInclude Include="Crysis Engine\Source\Dependencies\Assimp\include\assimp\camera.h">
      <Filter>Deps\Assimp</Filter>
    </ClInclude>
    <ClInclude Include="Crysis Engine\Source\Dependencies\Assimp\include\assimp\cexport.h">
      <Filter>Deps\Assimp</Filter>
    </ClInclude>
    <ClInclude Include="Crysis Engine\Source\Dependencies\Assimp\include\assimp\cfileio.h">
      <Filter>Deps\Assimp</Filter>
    </ClInclude>
    <ClInclude Include="Crysis Engine\Source\Dependencies\Assimp\include\assimp\ColladaMetaData.h">
      <Filter>Deps\Assimp</Filter>
    </ClInclude>
    <ClInclude Include="Crysis Engine\Source\Dependencies\Assimp\include\assimp\color4.h">
      <Filter>Deps\Assimp</Filter>
    </ClInclude>
    <ClInclude Include="Crysis Engine\Source\Dependencies\Assimp\include\assimp\commonMetaData.h">
      <Filter>Deps\Assimp</Filter>
    </ClInclude>
    <ClInclude Include="Crysis Engine\Source\Dependencies\Assimp\include\assimp\config.h">
      <Filter>Deps\Assimp</Filter>
    </ClInclude>
    <ClInclude Include="Crysis Engine\Source\Dependencies\Assimp\include\assimp\CreateAnimMesh.h">
      <Filter>Deps\Assimp</Filter>
    </ClInclude>
    <ClInclude Include="Crysis Engine\Source\Dependencies\Assimp\include\assimp\DefaultIOStream.h">
      <Filter>Deps\Assimp</Filter>
    </ClInclude>
    <ClInclude Include="Crysis Engine\Source\Dependencies\Assimp\include\assimp\DefaultIOSystem.h">
      <Filter>Deps\Assimp</Filter>
    </ClInclude>
    <ClInclude Include="Crysis Engine\Source\Dependencies\Assimp\include\assimp\DefaultLogger.hpp">
      <Filter>Deps\Assimp</Filter>
    </ClInclude>
    <ClInclude Include="Crysis Engine\Source\Dependencies\Assimp\include\assimp\Defines.h">
      <Filter>Deps\Assimp</Filter>
    </ClInclude>
    <ClInclude Include="Crysis Engine\Source\Dependencies\Assimp\include\assimp\defs.h">
      <Filter>Deps\Assimp</Filter>
    </ClInclude>
    <ClInclude Include="Crysis Engine\Source\Dependencies\Assimp\include\assimp\Exceptional.h">
      <Filter>Deps\Assimp</Filter>
    </ClInclude>
    <ClInclude Include="Crysis Engine\Source\Dependencies\Assimp\include\assimp\Exporter.hpp">
      <Filter>Deps\Assimp</Filter>
    </ClInclude>
    <ClInclude Include="Crysis Engine\Source\Dependencies\Assimp\include\assimp\fast_atof.h">
      <Filter>Deps\Assimp</Filter>
    </ClInclude>
    <ClInclude Include="Crysis Engine\Source\Dependencies\Assimp\include\assimp\GenericProperty.h">
      <Filter>Deps\Assimp</Filter>
    </ClInclude>
    <ClInclude Include="Crysis Engine\Source\Dependencies\Assimp\include\assimp\Hash.h">
      <Filter>Deps\Assimp</Filter>
    </ClInclude>
    <ClInclude Include="Crysis Engine\Source\Dependencies\Assimp\include\assimp\Importer.hpp">
      <Filter>Deps\Assimp</Filter>
    </ClInclude>
    <ClInclude Include="Crysis Engine\Source\Dependencies\Assimp\include\assimp\importerdesc.h">
      <Filter>Deps\Assimp</Filter>
    </ClInclude>
    <ClInclude Include="Crysis Engine\Source\Dependencies\Assimp\include\assimp\IOStream.hpp">
      <Filter>Deps\Assimp</Filter>
    </ClInclude>
    <ClInclude Include="Crysis Engine\Source\Dependencies\Assimp\include\assimp\IOStreamBuffer.h">
      <Filter>Deps\Assimp</Filter>
    </ClInclude>
    <ClInclude Include="Crysis Engine\Source\Dependencies\Assimp\include\assimp\IOSystem.hpp">
      <Filter>Deps\Assimp</Filter>
    </ClInclude>
    <ClInclude Include="Crysis Engine\Source\Dependencies\Assimp\include\assimp\light.h">
      <Filter>Deps\Assimp</Filter>
    </ClInclude>
    <ClInclude Include="Crysis Engine\Source\Dependencies\Assimp\include\assimp\LineSplitter.h">
      <Filter>Deps\Assimp</Filter>
    </ClInclude>
    <ClInclude Include="Crysis Engine\Source\Dependencies\Assimp\include\assimp\LogAux.h">
      <Filter>Deps\Assimp</Filter>
    </ClInclude>
    <ClInclude Include="Crysis Engine\Source\Dependencies\Assimp\include\assimp\Logger.hpp">
      <Filter>Deps\Assimp</Filter>
    </ClInclude>
    <ClInclude Include="Crysis Engine\Source\Dependencies\Assimp\include\assimp\LogStream.hpp">
      <Filter>Deps\Assimp</Filter>
    </ClInclude>
    <ClInclude Include="Crysis Engine\Source\Dependencies\Assimp\include\assimp\material.h">
      <Filter>Deps\Assimp</Filter>
    </ClInclude>
    <ClInclude Include="Crysis Engine\Source\Dependencies\Assimp\include\assimp\MathFunctions.h">
      <Filter>Deps\Assimp</Filter>
    </ClInclude>
    <ClInclude Include="Crysis Engine\Source\Dependencies\Assimp\include\assimp\matrix3x3.h">
      <Filter>Deps\Assimp</Filter>
    </ClInclude>
    <ClInclude Include="Crysis Engine\Source\Dependencies\Assimp\include\assimp\matrix4x4.h">
      <Filter>Deps\Assimp</Filter>
    </ClInclude>
    <ClInclude Include="Crysis Engine\Source\Dependencies\Assimp\include\assimp\MemoryIOWrapper.h">
      <Filter>Deps\Assimp</Filter>
    </ClInclude>
    <ClInclude Include="Crysis Engine\Source\Dependencies\Assimp\include\assimp\mesh.h">
      <Filter>Deps\Assimp</Filter>
    </ClInclude>
    <ClInclude Include="Crysis Engine\Source\Dependencies\Assimp\include\assimp\metadata.h">
      <Filter>Deps\Assimp</Filter>
    </ClInclude>
    <ClInclude Include="Crysis Engine\Source\Dependencies\Assimp\include\assimp\NullLogger.hpp">
      <Filter>Deps\Assimp</Filter>
    </ClInclude>
    <ClInclude Include="Crysis Engine\Source\Dependencies\Assimp\include\assimp\ParsingUtils.h">
      <Filter>Deps\Assimp</Filter>
    </ClInclude>
    <ClInclude Include="Crysis Engine\Source\Dependencies\Assimp\include\assimp\pbrmaterial.h">
      <Filter>Deps\Assimp</Filter>
    </ClInclude>
    <ClInclude Include="Crysis Engine\Source\Dependencies\Assimp\include\assimp\Profiler.h">
      <Filter>Deps\Assimp</Filter>
    </ClInclude>
    <ClInclude Include="Crysis Engine\Source\Dependencies\Assimp\include\assimp\ProgressHandler.hpp">
      <Filter>Deps\Assimp</Filter>
    </ClInclude>
    <ClInclude Include="Crysis Engine\Source\Dependencies\Assimp\include\assimp\qnan.h">
      <Filter>Deps\Assimp</Filter>
    </ClInclude>
    <ClInclude Include="Crysis Engine\Source\Dependencies\Assimp\include\assimp\quaternion.h">
      <Filter>Deps\Assimp</Filter>
    </ClInclude>
    <ClInclude Include="Crysis Engine\Source\Dependencies\Assimp\include\assimp\RemoveComments.h">
      <Filter>Deps\Assimp</Filter>
    </ClInclude>
    <ClInclude Include="Crysis Engine\Source\Dependencies\Assimp\include\assimp\SceneCombiner.h">
      <Filter>Deps\Assimp</Filter>
    </ClInclude>
    <ClInclude Include="Crysis Engine\Source\Dependencies\Assimp\include\assimp\SGSpatialSort.h">
      <Filter>Deps\Assimp</Filter>
    </ClInclude>
    <ClInclude Include="Crysis Engine\Source\Dependencies\Assimp\include\assimp\SkeletonMeshBuilder.h">
      <Filter>Deps\Assimp</Filter>
    </ClInclude>
    <ClInclude Include="Crysis Engine\Source\Dependencies\Assimp\include\assimp\SmallVector.h">
      <Filter>Deps\Assimp</Filter>
    </ClInclude>
    <ClInclude Include="Crysis Engine\Source\Dependencies\Assimp\include\assimp\SmoothingGroups.h">
      <Filter>Deps\Assimp</Filter>
    </ClInclude>
    <ClInclude Include="Crysis Engine\Source\Dependencies\Assimp\include\assimp\SpatialSort.h">
      <Filter>Deps\Assimp</Filter>
    </ClInclude>
    <ClInclude Include="Crysis Engine\Source\Dependencies\Assimp\include\assimp\StandardShapes.h">
      <Filter>Deps\Assimp</Filter>
    </ClInclude>
    <ClInclude Include="Crysis Engine\Source\Dependencies\Assimp\include\assimp\StreamReader.h">
      <Filter>Deps\Assimp</Filter>
    </ClInclude>
    <ClInclude Include="Crysis Engine\Source\Dependencies\Assimp\include\assimp\StreamWriter.h">
      <Filter>Deps\Assimp</Filter>
    </ClInclude>
    <ClInclude Include="Crysis Engine\Source\Dependencies\Assimp\include\assimp\StringComparison.h">
      <Filter>Deps\Assimp</Filter>
    </ClInclude>
    <ClInclude Include="Crysis Engine\Source\Dependencies\Assimp\include\assimp\StringUtils.h">
      <Filter>Deps\Assimp</Filter>
    </ClInclude>
    <ClInclude Include="Crysis Engine\Source\Dependencies\Assimp\include\assimp\Subdivision.h">
      <Filter>Deps\Assimp</Filter>
    </ClInclude>
    <ClInclude Include="Crysis Engine\Source\Dependencies\Assimp\include\assimp\texture.h">
      <Filter>Deps\Assimp</Filter>
    </ClInclude>
    <ClInclude Include="Crysis Engine\Source\Dependencies\Assimp\include\assimp\TinyFormatter.h">
      <Filter>Deps\Assimp</Filter>
    </ClInclude>
    <ClInclude Include="Crysis Engine\Source\Dependencies\Assimp\include\assimp\types.h">
      <Filter>Deps\Assimp</Filter>
    </ClInclude>
    <ClInclude Include="Crysis Engine\Source\Dependencies\Assimp\include\assimp\vector2.h">
      <Filter>Deps\Assimp</Filter>
    </ClInclude>
    <ClInclude Include="Crysis Engine\Source\Dependencies\Assimp\include\assimp\vector3.h">
      <Filter>Deps\Assimp</Filter>
    </ClInclude>
    <ClInclude Include="Crysis Engine\Source\Dependencies\Assimp\include\assimp\version.h">
      <Filter>Deps\Assimp</Filter>
    </ClInclude>
    <ClInclude Include="Crysis Engine\Source\Dependencies\Assimp\include\assimp\Vertex.h">
      <Filter>Deps\Assimp</Filter>
    </ClInclude>
    <ClInclude Include="Crysis Engine\Source\Dependencies\Assimp\include\assimp\XmlParser.h">
      <Filter>Deps\Assimp</Filter>
    </ClInclude>
    <ClInclude Include="Crysis Engine\Source\Dependencies\Assimp\include\assimp\XMLTools.h">
      <Filter>Deps\Assimp</Filter>
    </ClInclude>
    <ClInclude Include="Crysis Engine\Source\Dependencies\Assimp\include\assimp\ZipArchiveIOSystem.h">
      <Filter>Deps\Assimp</Filter>
    </ClInclude>
    <ClInclude Include="Crysis Engine\Source\ModuleImporter.h">
      <Filter>Sources\Modules</Filter>
    </ClInclude>
    <ClInclude Include="Crysis Engine\Source\Dependencies\parson\include\parson.h">
      <Filter>Deps\Parson</Filter>
    </ClInclude>
    <ClInclude Include="Crysis Engine\Source\GameObject.h">
      <Filter>Sources\Objects</Filter>
    </ClInclude>
    <ClInclude Include="Crysis Engine\Source\ModuleMesh.h">
      <Filter>Sources\Modules</Filter>
    </ClInclude>
    <ClInclude Include="Crysis Engine\Source\ModuleTextures.h">
      <Filter>Sources\Modules</Filter>
    </ClInclude>
    <ClInclude Include="Crysis Engine\Source\Dependencies\glew-2.1.0\include\GL\eglew.h">
      <Filter>Deps\Glew</Filter>
    </ClInclude>
    <ClInclude Include="Crysis Engine\Source\Dependencies\glew-2.1.0\include\GL\glew.h">
      <Filter>Deps\Glew</Filter>
    </ClInclude>
    <ClInclude Include="Crysis Engine\Source\Dependencies\glew-2.1.0\include\GL\glxew.h">
      <Filter>Deps\Glew</Filter>
    </ClInclude>
    <ClInclude Include="Crysis Engine\Source\Dependencies\glew-2.1.0\include\GL\wglew.h">
      <Filter>Deps\Glew</Filter>
    </ClInclude>
  </ItemGroup>
  <ItemGroup>
    <ClCompile Include="Crysis Engine\Source\Color.cpp">
      <Filter>Sources\Containers</Filter>
    </ClCompile>
    <ClCompile Include="Crysis Engine\Source\glmath.cpp">
      <Filter>Sources\Containers</Filter>
    </ClCompile>
    <ClCompile Include="Crysis Engine\Source\Light.cpp">
      <Filter>Sources\Helpers</Filter>
    </ClCompile>
    <ClCompile Include="Crysis Engine\Source\Primitive.cpp">
      <Filter>Sources\Helpers</Filter>
    </ClCompile>
    <ClCompile Include="Crysis Engine\Source\ModulePlayer.cpp">
      <Filter>Sources\Modules\Game</Filter>
    </ClCompile>
    <ClCompile Include="Crysis Engine\Source\ModuleSceneIntro.cpp">
      <Filter>Sources\Modules\Game</Filter>
    </ClCompile>
    <ClCompile Include="Crysis Engine\Source\ModuleAudio.cpp">
      <Filter>Sources\Modules</Filter>
    </ClCompile>
    <ClCompile Include="Crysis Engine\Source\ModuleCamera3D.cpp">
      <Filter>Sources\Modules</Filter>
    </ClCompile>
    <ClCompile Include="Crysis Engine\Source\ModuleInput.cpp">
      <Filter>Sources\Modules</Filter>
    </ClCompile>
    <ClCompile Include="Crysis Engine\Source\ModuleRenderer3D.cpp">
      <Filter>Sources\Modules</Filter>
    </ClCompile>
    <ClCompile Include="Crysis Engine\Source\ModuleWindow.cpp">
      <Filter>Sources\Modules</Filter>
    </ClCompile>
    <ClCompile Include="Crysis Engine\Source\log.cpp">
      <Filter>Sources\Tools</Filter>
    </ClCompile>
    <ClCompile Include="Crysis Engine\Source\Timer.cpp">
      <Filter>Sources\Tools</Filter>
    </ClCompile>
    <ClCompile Include="Crysis Engine\Source\Application.cpp">
      <Filter>Sources</Filter>
    </ClCompile>
    <ClCompile Include="Crysis Engine\Source\Main.cpp">
      <Filter>Sources</Filter>
    </ClCompile>
    <ClCompile Include="Crysis Engine\Source\Dependencies\imgui\imgui.cpp">
      <Filter>Deps\ImGui</Filter>
    </ClCompile>
    <ClCompile Include="Crysis Engine\Source\Dependencies\imgui\imgui_demo.cpp">
      <Filter>Deps\ImGui</Filter>
    </ClCompile>
    <ClCompile Include="Crysis Engine\Source\Dependencies\imgui\imgui_draw.cpp">
      <Filter>Deps\ImGui</Filter>
    </ClCompile>
    <ClCompile Include="Crysis Engine\Source\Dependencies\imgui\imgui_widgets.cpp">
      <Filter>Deps\ImGui</Filter>
    </ClCompile>
    <ClCompile Include="Crysis Engine\Source\Dependencies\imgui\examples\imgui_impl_sdl.cpp">
      <Filter>Deps\ImGui</Filter>
    </ClCompile>
    <ClCompile Include="Crysis Engine\Source\Dependencies\imgui\examples\imgui_impl_opengl3.cpp">
      <Filter>Deps\ImGui</Filter>
    </ClCompile>
    <ClCompile Include="Crysis Engine\Source\ModuleGUI.cpp">
      <Filter>Sources\Modules</Filter>
    </ClCompile>
    <ClCompile Include="Crysis Engine\Source\ModuleImporter.cpp">
      <Filter>Sources\Modules</Filter>
    </ClCompile>
    <ClCompile Include="Crysis Engine\Source\Dependencies\parson\src\parson.c">
      <Filter>Deps\Parson</Filter>
    </ClCompile>
    <ClCompile Include="Crysis Engine\Source\GameObject.cpp">
      <Filter>Sources\Objects</Filter>
    </ClCompile>
    <ClCompile Include="Crysis Engine\Source\ModuleMesh.cpp">
      <Filter>Sources\Modules</Filter>
    </ClCompile>
    <ClCompile Include="Crysis Engine\Source\ModuleTextures.cpp">
      <Filter>Sources\Modules</Filter>
    </ClCompile>
  </ItemGroup>
  <ItemGroup>
    <None Include="Crysis Engine\Source\Dependencies\Assimp\include\assimp\color4.inl">
      <Filter>Deps\Assimp</Filter>
    </None>
    <None Include="Crysis Engine\Source\Dependencies\Assimp\include\assimp\material.inl">
      <Filter>Deps\Assimp</Filter>
    </None>
    <None Include="Crysis Engine\Source\Dependencies\Assimp\include\assimp\matrix3x3.inl">
      <Filter>Deps\Assimp</Filter>
    </None>
    <None Include="Crysis Engine\Source\Dependencies\Assimp\include\assimp\matrix4x4.inl">
      <Filter>Deps\Assimp</Filter>
    </None>
    <None Include="Crysis Engine\Source\Dependencies\Assimp\include\assimp\quaternion.inl">
      <Filter>Deps\Assimp</Filter>
    </None>
    <None Include="Crysis Engine\Source\Dependencies\Assimp\include\assimp\SmoothingGroups.inl">
      <Filter>Deps\Assimp</Filter>
    </None>
    <None Include="Crysis Engine\Source\Dependencies\Assimp\include\assimp\vector2.inl">
      <Filter>Deps\Assimp</Filter>
    </None>
    <None Include="Crysis Engine\Source\Dependencies\Assimp\include\assimp\vector3.inl">
      <Filter>Deps\Assimp</Filter>
    </None>
  </ItemGroup>
</Project>